{
    "_readme": [
        "This file locks the dependencies of your project to a known state",
        "Read more about it at https://getcomposer.org/doc/01-basic-usage.md#installing-dependencies",
        "This file is @generated automatically"
    ],
    "content-hash": "1cf4e8ed609e8a66e5a81c2beb741ea3",
    "packages": [
        {
            "name": "nikic/php-parser",
            "version": "v5.7.0",
            "source": {
                "type": "git",
                "url": "https://github.com/nikic/PHP-Parser.git",
                "reference": "dca41cd15c2ac9d055ad70dbfd011130757d1f82"
            },
            "dist": {
                "type": "zip",
                "url": "https://api.github.com/repos/nikic/PHP-Parser/zipball/dca41cd15c2ac9d055ad70dbfd011130757d1f82",
                "reference": "dca41cd15c2ac9d055ad70dbfd011130757d1f82",
                "shasum": ""
            },
            "require": {
                "ext-ctype": "*",
                "ext-json": "*",
                "ext-tokenizer": "*",
                "php": ">=7.4"
            },
            "require-dev": {
                "ircmaxell/php-yacc": "^0.0.7",
                "phpunit/phpunit": "^9.0"
            },
            "bin": [
                "bin/php-parse"
            ],
            "type": "library",
            "extra": {
                "branch-alias": {
                    "dev-master": "5.x-dev"
                }
            },
            "autoload": {
                "psr-4": {
                    "PhpParser\\": "lib/PhpParser"
                }
            },
            "notification-url": "https://packagist.org/downloads/",
            "license": [
                "BSD-3-Clause"
            ],
            "authors": [
                {
                    "name": "Nikita Popov"
                }
            ],
            "description": "A PHP parser written in PHP",
            "keywords": [
                "parser",
                "php"
            ],
            "support": {
                "issues": "https://github.com/nikic/PHP-Parser/issues",
                "source": "https://github.com/nikic/PHP-Parser/tree/v5.7.0"
            },
            "time": "2025-12-06T11:56:16+00:00"
        },
        {
            "name": "soyhuce/classmap-generator",
            "version": "1.1.0",
            "source": {
                "type": "git",
                "url": "https://github.com/Soyhuce/classmap-generator.git",
                "reference": "8c28d4da24e211487ccea3d3bff45b5a037f3dc1"
            },
            "dist": {
                "type": "zip",
                "url": "https://api.github.com/repos/Soyhuce/classmap-generator/zipball/8c28d4da24e211487ccea3d3bff45b5a037f3dc1",
                "reference": "8c28d4da24e211487ccea3d3bff45b5a037f3dc1",
                "shasum": ""
            },
            "require": {
                "php": "^8.2",
                "symfony/finder": "^6.2.7||^7.0"
            },
            "require-dev": {
                "composer/composer": "^2.2",
                "friendsofphp/php-cs-fixer": "^3.0",
                "pestphp/pest": "^2.0",
                "phpstan/phpstan": "^1.4"
            },
            "type": "library",
            "autoload": {
                "psr-4": {
                    "Soyhuce\\ClassMapGenerator\\": "src"
                }
            },
            "notification-url": "https://packagist.org/downloads/",
            "license": [
                "MIT"
            ],
            "authors": [
                {
                    "name": "Bastien Philippe",
                    "email": "bastien.philippe@soyhuce.fr",
                    "role": "Developer"
                }
            ],
            "description": "A simple classmap generator extracted from composer",
            "homepage": "https://github.com/soyhuce/classmap-generator",
            "keywords": [
                "classmap-generator",
                "soyhuce"
            ],
            "support": {
                "issues": "https://github.com/Soyhuce/classmap-generator/issues",
                "source": "https://github.com/Soyhuce/classmap-generator/tree/1.1.0"
            },
            "funding": [
                {
                    "url": "https://github.com/soyhuce",
                    "type": "github"
                }
            ],
            "abandoned": "composer/class-map-generator",
            "time": "2024-02-16T14:10:05+00:00"
        },
        {
            "name": "symfony/finder",
            "version": "v7.4.8",
            "source": {
                "type": "git",
                "url": "https://github.com/symfony/finder.git",
                "reference": "e0be088d22278583a82da281886e8c3592fbf149"
            },
            "dist": {
                "type": "zip",
                "url": "https://api.github.com/repos/symfony/finder/zipball/e0be088d22278583a82da281886e8c3592fbf149",
                "reference": "e0be088d22278583a82da281886e8c3592fbf149",
                "shasum": ""
            },
            "require": {
                "php": ">=8.2"
            },
            "require-dev": {
                "symfony/filesystem": "^6.4|^7.0|^8.0"
            },
            "type": "library",
            "autoload": {
                "psr-4": {
                    "Symfony\\Component\\Finder\\": ""
                },
                "exclude-from-classmap": [
                    "/Tests/"
                ]
            },
            "notification-url": "https://packagist.org/downloads/",
            "license": [
                "MIT"
            ],
            "authors": [
                {
                    "name": "Fabien Potencier",
                    "email": "fabien@symfony.com"
                },
                {
                    "name": "Symfony Community",
                    "homepage": "https://symfony.com/contributors"
                }
            ],
            "description": "Finds files and directories via an intuitive fluent interface",
            "homepage": "https://symfony.com",
            "support": {
                "source": "https://github.com/symfony/finder/tree/v7.4.8"
            },
            "funding": [
                {
                    "url": "https://symfony.com/sponsor",
                    "type": "custom"
                },
                {
                    "url": "https://github.com/fabpot",
                    "type": "github"
                },
                {
                    "url": "https://github.com/nicolas-grekas",
                    "type": "github"
                },
                {
                    "url": "https://tidelift.com/funding/github/packagist/symfony/symfony",
                    "type": "tidelift"
                }
            ],
            "time": "2026-03-24T13:12:05+00:00"
        },
        {
            "name": "symfony/translation-contracts",
            "version": "v3.6.1",
            "source": {
                "type": "git",
                "url": "https://github.com/symfony/translation-contracts.git",
                "reference": "65a8bc82080447fae78373aa10f8d13b38338977"
            },
            "dist": {
                "type": "zip",
                "url": "https://api.github.com/repos/symfony/translation-contracts/zipball/65a8bc82080447fae78373aa10f8d13b38338977",
                "reference": "65a8bc82080447fae78373aa10f8d13b38338977",
                "shasum": ""
            },
            "require": {
                "php": ">=8.1"
            },
            "type": "library",
            "extra": {
                "thanks": {
                    "url": "https://github.com/symfony/contracts",
                    "name": "symfony/contracts"
                },
                "branch-alias": {
                    "dev-main": "3.6-dev"
                }
            },
            "autoload": {
                "psr-4": {
                    "Symfony\\Contracts\\Translation\\": ""
                },
                "exclude-from-classmap": [
                    "/Test/"
                ]
            },
            "notification-url": "https://packagist.org/downloads/",
            "license": [
                "MIT"
            ],
            "authors": [
                {
                    "name": "Nicolas Grekas",
                    "email": "p@tchwork.com"
                },
                {
                    "name": "Symfony Community",
                    "homepage": "https://symfony.com/contributors"
                }
            ],
            "description": "Generic abstractions related to translation",
            "homepage": "https://symfony.com",
            "keywords": [
                "abstractions",
                "contracts",
                "decoupling",
                "interfaces",
                "interoperability",
                "standards"
            ],
            "support": {
                "source": "https://github.com/symfony/translation-contracts/tree/v3.6.1"
            },
            "funding": [
                {
                    "url": "https://symfony.com/sponsor",
                    "type": "custom"
                },
                {
                    "url": "https://github.com/fabpot",
                    "type": "github"
                },
                {
                    "url": "https://github.com/nicolas-grekas",
                    "type": "github"
                },
                {
                    "url": "https://tidelift.com/funding/github/packagist/symfony/symfony",
                    "type": "tidelift"
                }
            ],
            "time": "2025-07-15T13:41:35+00:00"
        },
        {
            "name": "varunsridharan/php-classmap-generator",
            "version": "1.2.2",
            "source": {
                "type": "git",
                "url": "https://github.com/varunsridharan/php-classmap-generator.git",
                "reference": "d725695cf78344764fe1fd70eaf07cc6c9692a06"
            },
            "dist": {
                "type": "zip",
                "url": "https://api.github.com/repos/varunsridharan/php-classmap-generator/zipball/d725695cf78344764fe1fd70eaf07cc6c9692a06",
                "reference": "d725695cf78344764fe1fd70eaf07cc6c9692a06",
                "shasum": ""
            },
            "require": {
                "symfony/finder": "*"
            },
            "bin": [
                "bin/classmap-generator.bat"
            ],
            "type": "library",
            "notification-url": "https://packagist.org/downloads/",
            "license": [
                "GPL-3.0-or-later"
            ],
            "authors": [
                {
                    "name": "Varun",
                    "email": "varunsridharan23@gmail.com",
                    "homepage": "https://varunsridharan.in",
                    "role": "Developer"
                }
            ],
            "description": "Lightweight PHP Classmap Generator",
            "support": {
                "issues": "https://github.com/varunsridharan/php-classmap-generator/issues",
                "source": "https://github.com/varunsridharan/php-classmap-generator/tree/1.2.2"
            },
            "funding": [
                {
                    "url": "https://paypal.me/varunsridharan23",
                    "type": "custom"
                },
                {
                    "url": "https://github.com/varunsridharan",
                    "type": "github"
                }
            ],
            "time": "2020-06-06T02:54:56+00:00"
        }
    ],
    "packages-dev": [
        {
            "name": "phpstan/phpstan",
            "version": "2.1.46",
            "dist": {
                "type": "zip",
                "url": "https://api.github.com/repos/phpstan/phpstan/zipball/a193923fc2d6325ef4e741cf3af8c3e8f54dbf25",
                "reference": "a193923fc2d6325ef4e741cf3af8c3e8f54dbf25",
                "shasum": ""
            },
            "require": {
                "php": "^7.4|^8.0"
            },
            "conflict": {
                "phpstan/phpstan-shim": "*"
            },
            "bin": [
                "phpstan",
                "phpstan.phar"
            ],
            "type": "library",
            "autoload": {
                "files": [
                    "bootstrap.php"
                ]
            },
            "notification-url": "https://packagist.org/downloads/",
            "license": [
                "MIT"
            ],
            "description": "PHPStan - PHP Static Analysis Tool",
            "keywords": [
                "dev",
                "static analysis"
            ],
            "support": {
                "docs": "https://phpstan.org/user-guide/getting-started",
                "forum": "https://github.com/phpstan/phpstan/discussions",
                "issues": "https://github.com/phpstan/phpstan/issues",
                "security": "https://github.com/phpstan/phpstan/security/policy",
                "source": "https://github.com/phpstan/phpstan-src"
            },
            "funding": [
                {
                    "url": "https://github.com/ondrejmirtes",
                    "type": "github"
                },
                {
                    "url": "https://github.com/phpstan",
                    "type": "github"
                }
            ],
            "time": "2026-04-01T09:25:14+00:00"
        },
        {
            "name": "swoole/ide-helper",
            "version": "6.0.2",
            "source": {
                "type": "git",
                "url": "https://github.com/swoole/ide-helper.git",
                "reference": "6f12243dce071714c5febe059578d909698f9a52"
            },
            "dist": {
                "type": "zip",
                "url": "https://api.github.com/repos/swoole/ide-helper/zipball/6f12243dce071714c5febe059578d909698f9a52",
                "reference": "6f12243dce071714c5febe059578d909698f9a52",
                "shasum": ""
            },
            "type": "library",
            "notification-url": "https://packagist.org/downloads/",
            "license": [
                "Apache-2.0"
            ],
            "authors": [
                {
                    "name": "Team Swoole",
                    "email": "team@swoole.com"
                }
            ],
            "description": "IDE help files for Swoole.",
            "support": {
                "issues": "https://github.com/swoole/ide-helper/issues",
                "source": "https://github.com/swoole/ide-helper/tree/6.0.2"
            },
            "time": "2025-03-23T07:31:41+00:00"
        }
    ],
    "aliases": [],
    "minimum-stability": "stable",
    "stability-flags": {},
    "prefer-stable": false,
    "prefer-lowest": false,
    "platform": {
        "ext-zip": "*",
        "ext-swoole": "*",
        "ext-sockets": "*"
    },
    "platform-dev": {},
    "plugin-api-version": "2.9.0"
}
